<?xml version="1.0" encoding="utf-8"?>
<Project ToolsVersion="4.0" xmlns="http://schemas.microsoft.com/developer/msbuild/2003">
  <ItemGroup>
    <Filter Include="src">
      <UniqueIdentifier>{8e19360d-7818-40a6-acb3-e0de00b335a7}</UniqueIdentifier>
    </Filter>
    <Filter Include="include">
      <UniqueIdentifier>{58b5d946-f9ab-4ef6-a29b-84eb3d41ba42}</UniqueIdentifier>
    </Filter>
    <Filter Include="data">
      <UniqueIdentifier>{2431c5b0-f30c-4120-a136-1c1a5bc9fc02}</UniqueIdentifier>
    </Filter>
    <Filter Include="data\entrada">
      <UniqueIdentifier>{67468b13-f484-49dd-b996-76a8f0f2a330}</UniqueIdentifier>
    </Filter>
    <Filter Include="data\salida">
      <UniqueIdentifier>{4d197a15-e292-47a9-8303-4871352dea61}</UniqueIdentifier>
    </Filter>
  </ItemGroup>
  <ItemGroup>
    <ClCompile Include="src\curso.c">
      <Filter>src</Filter>
    </ClCompile>
    <ClCompile Include="src\main.c">
      <Filter>src</Filter>
    </ClCompile>
    <ClCompile Include="src\parser.c">
      <Filter>src</Filter>
    </ClCompile>
    <ClCompile Include="src\horario.c">
      <Filter>src</Filter>
    </ClCompile>
    <ClCompile Include="src\catalogo.c">
      <Filter>src</Filter>
    </ClCompile>
    <ClCompile Include="src\choques.c">
      <Filter>src</Filter>
    </ClCompile>
    <ClCompile Include="src\exportador.c">
      <Filter>src</Filter>
    </ClCompile>
  </ItemGroup>
  <ItemGroup>
    <ClInclude Include="src\curso.h">
      <Filter>src</Filter>
    </ClInclude>
    <ClInclude Include="src\parser.h">
      <Filter>src</Filter>
    </ClInclude>
    <ClInclude Include="include\constantes.h">
      <Filter>include</Filter>
    </ClInclude>
    <ClInclude Include="src\horario.h">
      <Filter>src</Filter>
    </ClInclude>
    <ClInclude Include="src\catalogo.h">
      <Filter>src</Filter>
    </ClInclude>
    <ClInclude Include="src\choques.h">
      <Filter>src</Filter>
    </ClInclude>
    <ClInclude Include="src\exportador.h">
      <Filter>src</Filter>
    </ClInclude>
  </ItemGroup>
  <ItemGroup>
    <Text Include="data\entrada\plan_materiales.txt">
      <Filter>data\entrada</Filter>
    </Text>
  </ItemGroup>
</Project>